
Microsoft Visual Studio Solution File, Format Version 12.00
# Visual Studio Version 17
VisualStudioVersion = 17.14.36414.22
MinimumVisualStudioVersion = 10.0.40219.1
Project("{FAE04EC0-301F-11D3-BF4B-00C04F79EFBC}") = "GarbageCollector", "GarbageCollector\GarbageCollector.csproj", "{B4DBC9BE-D0C4-4B99-9FEC-D28BB142A9D7}"
EndProject
Project("{FAE04EC0-301F-11D3-BF4B-00C04F79EFBC}") = "ValueTypeVSReferanceType", "ValueTypeVSReferanceType\ValueTypeVSReferanceType.csproj", "{C6FE8A1D-C373-45C3-A267-5CCA65974E38}"
EndProject
Project("{FAE04EC0-301F-11D3-BF4B-00C04F79EFBC}") = "Yield", "yield\Yield.csproj", "{717C5960-7AD6-4BF2-9D1F-667E5EBA0896}"
EndProject
Project("{FAE04EC0-301F-11D3-BF4B-00C04F79EFBC}") = "Record", "Record\Record.csproj", "{D9C3A8C3-3383-48A3-8752-C89A3579FDE3}"
EndProject
Project("{FAE04EC0-301F-11D3-BF4B-00C04F79EFBC}") = "Delegate", "Delegate\Delegate.csproj", "{B2D262FA-C429-4A30-A952-22F30DCB6E38}"
EndProject
Project("{FAE04EC0-301F-11D3-BF4B-00C04F79EFBC}") = "StringVSStringBuilder", "StringVSStringBuilder\StringVSStringBuilder.csproj", "{80F3322D-360C-412B-87E8-A847B7FD92CE}"
EndProject
Project("{FAE04EC0-301F-11D3-BF4B-00C04F79EFBC}") = "RefVsOut", "RefVsOut\RefVsOut.csproj", "{EE52F100-04CD-469E-97A1-E8439D524589}"
EndProject
Project("{FAE04EC0-301F-11D3-BF4B-00C04F79EFBC}") = "BoxingAndUnboxing", "BoxingAndUnboxing\BoxingAndUnboxing.csproj", "{9288D3BB-908D-43E0-85CB-6DAB465320C2}"
EndProject
Project("{FAE04EC0-301F-11D3-BF4B-00C04F79EFBC}") = "UsingAndDispose", "UsingAndDispose\UsingAndDispose.csproj", "{336B4C37-CF4B-4034-B8AD-B7DD5E1FB5CC}"
EndProject
Project("{FAE04EC0-301F-11D3-BF4B-00C04F79EFBC}") = "==operatörAndEqual", "== operatör ve\==operatörAndEqual.csproj", "{C4C89E54-C96E-4542-B09E-0ED1C0062493}"
EndProject
Project("{FAE04EC0-301F-11D3-BF4B-00C04F79EFBC}") = "Constructure&StaticConstructer", "Constructure&StaticConstructer\Constructure&StaticConstructer.csproj", "{0154994D-1845-4F79-B0CD-6C93EA110343}"
EndProject
Project("{FAE04EC0-301F-11D3-BF4B-00C04F79EFBC}") = "TaskAsyncAwait", "TaskAsyncAwait\TaskAsyncAwait.csproj", "{2D63FB8B-E381-4BCF-AD32-5EABCADD5158}"
EndProject
Project("{FAE04EC0-301F-11D3-BF4B-00C04F79EFBC}") = "AccessModifiers", "AccessModifiers\AccessModifiers.csproj", "{8125D39A-2957-48B3-86DF-E499F78444E0}"
EndProject
Project("{FAE04EC0-301F-11D3-BF4B-00C04F79EFBC}") = "StaticClass", "StaticClass\StaticClass.csproj", "{B435484D-4C21-4F45-A0DE-F47243AB4510}"
EndProject
Project("{FAE04EC0-301F-11D3-BF4B-00C04F79EFBC}") = "ExtensionMethod", "ExtensionMethod\ExtensionMethod.csproj", "{A55F3C06-EDEF-4E69-82A9-BB46CF39E3D1}"
EndProject
Project("{FAE04EC0-301F-11D3-BF4B-00C04F79EFBC}") = "Polymorphism", "Polymorphism\Polymorphism.csproj", "{771318DC-875B-4639-8E39-C0337F800C3F}"
EndProject
Project("{FAE04EC0-301F-11D3-BF4B-00C04F79EFBC}") = "ExceptionHandling", "ExceptionHandling\ExceptionHandling.csproj", "{C9C049CF-81BE-4F69-914C-F9E6FA6D420E}"
EndProject
Project("{FAE04EC0-301F-11D3-BF4B-00C04F79EFBC}") = "ListVsArray", "ListVsArray\ListVsArray.csproj", "{8108BA67-5D73-4C65-9016-0378835C585D}"
EndProject
Project("{FAE04EC0-301F-11D3-BF4B-00C04F79EFBC}") = "Generics", "Generics\Generics.csproj", "{4D9A156C-92AD-42DF-9752-9A79F88A2454}"
EndProject
Project("{FAE04EC0-301F-11D3-BF4B-00C04F79EFBC}") = "NullableTypes", "NullableTypes\NullableTypes.csproj", "{5B45B2AC-7691-4069-820F-D8B0467834F5}"
EndProject
Project("{FAE04EC0-301F-11D3-BF4B-00C04F79EFBC}") = "Enums", "Enums\Enums.csproj", "{32282102-E1D9-4B95-B92E-FAD3E9E6013A}"
EndProject
Project("{FAE04EC0-301F-11D3-BF4B-00C04F79EFBC}") = "BreakandContinue", "BreakandContinue\BreakandContinue.csproj", "{50174B25-0B7C-4C5D-B60D-621A92FBB313}"
EndProject
Project("{FAE04EC0-301F-11D3-BF4B-00C04F79EFBC}") = "ConstructorChainingbaseAndThis", "ConstructorChainingbaseAndThis\ConstructorChainingbaseAndThis.csproj", "{BD2143E1-B320-42EF-8F91-E067F98D9669}"
EndProject
Project("{FAE04EC0-301F-11D3-BF4B-00C04F79EFBC}") = "PropertyAndField", "PropertyAndField\PropertyAndField.csproj", "{8ABDA033-333F-4698-AC63-FB97F8E49E9F}"
EndProject
Global
	GlobalSection(SolutionConfigurationPlatforms) = preSolution
		Debug|Any CPU = Debug|Any CPU
		Release|Any CPU = Release|Any CPU
	EndGlobalSection
	GlobalSection(ProjectConfigurationPlatforms) = postSolution
		{B4DBC9BE-D0C4-4B99-9FEC-D28BB142A9D7}.Debug|Any CPU.ActiveCfg = Debug|Any CPU
		{B4DBC9BE-D0C4-4B99-9FEC-D28BB142A9D7}.Debug|Any CPU.Build.0 = Debug|Any CPU
		{B4DBC9BE-D0C4-4B99-9FEC-D28BB142A9D7}.Release|Any CPU.ActiveCfg = Release|Any CPU
		{B4DBC9BE-D0C4-4B99-9FEC-D28BB142A9D7}.Release|Any CPU.Build.0 = Release|Any CPU
		{C6FE8A1D-C373-45C3-A267-5CCA65974E38}.Debug|Any CPU.ActiveCfg = Debug|Any CPU
		{C6FE8A1D-C373-45C3-A267-5CCA65974E38}.Debug|Any CPU.Build.0 = Debug|Any CPU
		{C6FE8A1D-C373-45C3-A267-5CCA65974E38}.Release|Any CPU.ActiveCfg = Release|Any CPU
		{C6FE8A1D-C373-45C3-A267-5CCA65974E38}.Release|Any CPU.Build.0 = Release|Any CPU
		{717C5960-7AD6-4BF2-9D1F-667E5EBA0896}.Debug|Any CPU.ActiveCfg = Debug|Any CPU
		{717C5960-7AD6-4BF2-9D1F-667E5EBA0896}.Debug|Any CPU.Build.0 = Debug|Any CPU
		{717C5960-7AD6-4BF2-9D1F-667E5EBA0896}.Release|Any CPU.ActiveCfg = Release|Any CPU
		{717C5960-7AD6-4BF2-9D1F-667E5EBA0896}.Release|Any CPU.Build.0 = Release|Any CPU
		{D9C3A8C3-3383-48A3-8752-C89A3579FDE3}.Debug|Any CPU.ActiveCfg = Debug|Any CPU
		{D9C3A8C3-3383-48A3-8752-C89A3579FDE3}.Debug|Any CPU.Build.0 = Debug|Any CPU
		{D9C3A8C3-3383-48A3-8752-C89A3579FDE3}.Release|Any CPU.ActiveCfg = Release|Any CPU
		{D9C3A8C3-3383-48A3-8752-C89A3579FDE3}.Release|Any CPU.Build.0 = Release|Any CPU
		{B2D262FA-C429-4A30-A952-22F30DCB6E38}.Debug|Any CPU.ActiveCfg = Debug|Any CPU
		{B2D262FA-C429-4A30-A952-22F30DCB6E38}.Debug|Any CPU.Build.0 = Debug|Any CPU
		{B2D262FA-C429-4A30-A952-22F30DCB6E38}.Release|Any CPU.ActiveCfg = Release|Any CPU
		{B2D262FA-C429-4A30-A952-22F30DCB6E38}.Release|Any CPU.Build.0 = Release|Any CPU
		{80F3322D-360C-412B-87E8-A847B7FD92CE}.Debug|Any CPU.ActiveCfg = Debug|Any CPU
		{80F3322D-360C-412B-87E8-A847B7FD92CE}.Debug|Any CPU.Build.0 = Debug|Any CPU
		{80F3322D-360C-412B-87E8-A847B7FD92CE}.Release|Any CPU.ActiveCfg = Release|Any CPU
		{80F3322D-360C-412B-87E8-A847B7FD92CE}.Release|Any CPU.Build.0 = Release|Any CPU
		{EE52F100-04CD-469E-97A1-E8439D524589}.Debug|Any CPU.ActiveCfg = Debug|Any CPU
		{EE52F100-04CD-469E-97A1-E8439D524589}.Debug|Any CPU.Build.0 = Debug|Any CPU
		{EE52F100-04CD-469E-97A1-E8439D524589}.Release|Any CPU.ActiveCfg = Release|Any CPU
		{EE52F100-04CD-469E-97A1-E8439D524589}.Release|Any CPU.Build.0 = Release|Any CPU
		{9288D3BB-908D-43E0-85CB-6DAB465320C2}.Debug|Any CPU.ActiveCfg = Debug|Any CPU
		{9288D3BB-908D-43E0-85CB-6DAB465320C2}.Debug|Any CPU.Build.0 = Debug|Any CPU
		{9288D3BB-908D-43E0-85CB-6DAB465320C2}.Release|Any CPU.ActiveCfg = Release|Any CPU
		{9288D3BB-908D-43E0-85CB-6DAB465320C2}.Release|Any CPU.Build.0 = Release|Any CPU
		{336B4C37-CF4B-4034-B8AD-B7DD5E1FB5CC}.Debug|Any CPU.ActiveCfg = Debug|Any CPU
		{336B4C37-CF4B-4034-B8AD-B7DD5E1FB5CC}.Debug|Any CPU.Build.0 = Debug|Any CPU
		{336B4C37-CF4B-4034-B8AD-B7DD5E1FB5CC}.Release|Any CPU.ActiveCfg = Release|Any CPU
		{336B4C37-CF4B-4034-B8AD-B7DD5E1FB5CC}.Release|Any CPU.Build.0 = Release|Any CPU
		{C4C89E54-C96E-4542-B09E-0ED1C0062493}.Debug|Any CPU.ActiveCfg = Debug|Any CPU
		{C4C89E54-C96E-4542-B09E-0ED1C0062493}.Debug|Any CPU.Build.0 = Debug|Any CPU
		{C4C89E54-C96E-4542-B09E-0ED1C0062493}.Release|Any CPU.ActiveCfg = Release|Any CPU
		{C4C89E54-C96E-4542-B09E-0ED1C0062493}.Release|Any CPU.Build.0 = Release|Any CPU
		{0154994D-1845-4F79-B0CD-6C93EA110343}.Debug|Any CPU.ActiveCfg = Debug|Any CPU
		{0154994D-1845-4F79-B0CD-6C93EA110343}.Debug|Any CPU.Build.0 = Debug|Any CPU
		{0154994D-1845-4F79-B0CD-6C93EA110343}.Release|Any CPU.ActiveCfg = Release|Any CPU
		{0154994D-1845-4F79-B0CD-6C93EA110343}.Release|Any CPU.Build.0 = Release|Any CPU
		{2D63FB8B-E381-4BCF-AD32-5EABCADD5158}.Debug|Any CPU.ActiveCfg = Debug|Any CPU
		{2D63FB8B-E381-4BCF-AD32-5EABCADD5158}.Debug|Any CPU.Build.0 = Debug|Any CPU
		{2D63FB8B-E381-4BCF-AD32-5EABCADD5158}.Release|Any CPU.ActiveCfg = Release|Any CPU
		{2D63FB8B-E381-4BCF-AD32-5EABCADD5158}.Release|Any CPU.Build.0 = Release|Any CPU
		{8125D39A-2957-48B3-86DF-E499F78444E0}.Debug|Any CPU.ActiveCfg = Debug|Any CPU
		{8125D39A-2957-48B3-86DF-E499F78444E0}.Debug|Any CPU.Build.0 = Debug|Any CPU
		{8125D39A-2957-48B3-86DF-E499F78444E0}.Release|Any CPU.ActiveCfg = Release|Any CPU
		{8125D39A-2957-48B3-86DF-E499F78444E0}.Release|Any CPU.Build.0 = Release|Any CPU
		{B435484D-4C21-4F45-A0DE-F47243AB4510}.Debug|Any CPU.ActiveCfg = Debug|Any CPU
		{B435484D-4C21-4F45-A0DE-F47243AB4510}.Debug|Any CPU.Build.0 = Debug|Any CPU
		{B435484D-4C21-4F45-A0DE-F47243AB4510}.Release|Any CPU.ActiveCfg = Release|Any CPU
		{B435484D-4C21-4F45-A0DE-F47243AB4510}.Release|Any CPU.Build.0 = Release|Any CPU
		{A55F3C06-EDEF-4E69-82A9-BB46CF39E3D1}.Debug|Any CPU.ActiveCfg = Debug|Any CPU
		{A55F3C06-EDEF-4E69-82A9-BB46CF39E3D1}.Debug|Any CPU.Build.0 = Debug|Any CPU
		{A55F3C06-EDEF-4E69-82A9-BB46CF39E3D1}.Release|Any CPU.ActiveCfg = Release|Any CPU
		{A55F3C06-EDEF-4E69-82A9-BB46CF39E3D1}.Release|Any CPU.Build.0 = Release|Any CPU
		{771318DC-875B-4639-8E39-C0337F800C3F}.Debug|Any CPU.ActiveCfg = Debug|Any CPU
		{771318DC-875B-4639-8E39-C0337F800C3F}.Debug|Any CPU.Build.0 = Debug|Any CPU
		{771318DC-875B-4639-8E39-C0337F800C3F}.Release|Any CPU.ActiveCfg = Release|Any CPU
		{771318DC-875B-4639-8E39-C0337F800C3F}.Release|Any CPU.Build.0 = Release|Any CPU
		{C9C049CF-81BE-4F69-914C-F9E6FA6D420E}.Debug|Any CPU.ActiveCfg = Debug|Any CPU
		{C9C049CF-81BE-4F69-914C-F9E6FA6D420E}.Debug|Any CPU.Build.0 = Debug|Any CPU
		{C9C049CF-81BE-4F69-914C-F9E6FA6D420E}.Release|Any CPU.ActiveCfg = Release|Any CPU
		{C9C049CF-81BE-4F69-914C-F9E6FA6D420E}.Release|Any CPU.Build.0 = Release|Any CPU
		{8108BA67-5D73-4C65-9016-0378835C585D}.Debug|Any CPU.ActiveCfg = Debug|Any CPU
		{8108BA67-5D73-4C65-9016-0378835C585D}.Debug|Any CPU.Build.0 = Debug|Any CPU
		{8108BA67-5D73-4C65-9016-0378835C585D}.Release|Any CPU.ActiveCfg = Release|Any CPU
		{8108BA67-5D73-4C65-9016-0378835C585D}.Release|Any CPU.Build.0 = Release|Any CPU
		{4D9A156C-92AD-42DF-9752-9A79F88A2454}.Debug|Any CPU.ActiveCfg = Debug|Any CPU
		{4D9A156C-92AD-42DF-9752-9A79F88A2454}.Debug|Any CPU.Build.0 = Debug|Any CPU
		{4D9A156C-92AD-42DF-9752-9A79F88A2454}.Release|Any CPU.ActiveCfg = Release|Any CPU
		{4D9A156C-92AD-42DF-9752-9A79F88A2454}.Release|Any CPU.Build.0 = Release|Any CPU
		{5B45B2AC-7691-4069-820F-D8B0467834F5}.Debug|Any CPU.ActiveCfg = Debug|Any CPU
		{5B45B2AC-7691-4069-820F-D8B0467834F5}.Debug|Any CPU.Build.0 = Debug|Any CPU
		{5B45B2AC-7691-4069-820F-D8B0467834F5}.Release|Any CPU.ActiveCfg = Release|Any CPU
		{5B45B2AC-7691-4069-820F-D8B0467834F5}.Release|Any CPU.Build.0 = Release|Any CPU
		{32282102-E1D9-4B95-B92E-FAD3E9E6013A}.Debug|Any CPU.ActiveCfg = Debug|Any CPU
		{32282102-E1D9-4B95-B92E-FAD3E9E6013A}.Debug|Any CPU.Build.0 = Debug|Any CPU
		{32282102-E1D9-4B95-B92E-FAD3E9E6013A}.Release|Any CPU.ActiveCfg = Release|Any CPU
		{32282102-E1D9-4B95-B92E-FAD3E9E6013A}.Release|Any CPU.Build.0 = Release|Any CPU
		{50174B25-0B7C-4C5D-B60D-621A92FBB313}.Debug|Any CPU.ActiveCfg = Debug|Any CPU
		{50174B25-0B7C-4C5D-B60D-621A92FBB313}.Debug|Any CPU.Build.0 = Debug|Any CPU
		{50174B25-0B7C-4C5D-B60D-621A92FBB313}.Release|Any CPU.ActiveCfg = Release|Any CPU
		{50174B25-0B7C-4C5D-B60D-621A92FBB313}.Release|Any CPU.Build.0 = Release|Any CPU
		{BD2143E1-B320-42EF-8F91-E067F98D9669}.Debug|Any CPU.ActiveCfg = Debug|Any CPU
		{BD2143E1-B320-42EF-8F91-E067F98D9669}.Debug|Any CPU.Build.0 = Debug|Any CPU
		{BD2143E1-B320-42EF-8F91-E067F98D9669}.Release|Any CPU.ActiveCfg = Release|Any CPU
		{BD2143E1-B320-42EF-8F91-E067F98D9669}.Release|Any CPU.Build.0 = Release|Any CPU
		{8ABDA033-333F-4698-AC63-FB97F8E49E9F}.Debug|Any CPU.ActiveCfg = Debug|Any CPU
		{8ABDA033-333F-4698-AC63-FB97F8E49E9F}.Debug|Any CPU.Build.0 = Debug|Any CPU
		{8ABDA033-333F-4698-AC63-FB97F8E49E9F}.Release|Any CPU.ActiveCfg = Release|Any CPU
		{8ABDA033-333F-4698-AC63-FB97F8E49E9F}.Release|Any CPU.Build.0 = Release|Any CPU
	EndGlobalSection
	GlobalSection(SolutionProperties) = preSolution
		HideSolutionNode = FALSE
	EndGlobalSection
	GlobalSection(ExtensibilityGlobals) = postSolution
		SolutionGuid = {15402E74-37BD-4C3D-BE46-C912F2BDE287}
	EndGlobalSection
EndGlobal
