
Microsoft Visual Studio Solution File, Format Version 12.00
# Visual Studio Version 17
VisualStudioVersion = 17.14.36414.22 d17.14
MinimumVisualStudioVersion = 10.0.40219.1
Project("{FAE04EC0-301F-11D3-BF4B-00C04F79EFBC}") = "GarbageCollector", "GarbageCollector\GarbageCollector.csproj", "{B4DBC9BE-D0C4-4B99-9FEC-D28BB142A9D7}"
EndProject
Project("{FAE04EC0-301F-11D3-BF4B-00C04F79EFBC}") = "ValueTypeVSReferanceType", "ValueTypeVSReferanceType\ValueTypeVSReferanceType.csproj", "{C6FE8A1D-C373-45C3-A267-5CCA65974E38}"
EndProject
Project("{FAE04EC0-301F-11D3-BF4B-00C04F79EFBC}") = "Yield", "yield\Yield.csproj", "{717C5960-7AD6-4BF2-9D1F-667E5EBA0896}"
EndProject
Project("{FAE04EC0-301F-11D3-BF4B-00C04F79EFBC}") = "Record", "Record\Record.csproj", "{D9C3A8C3-3383-48A3-8752-C89A3579FDE3}"
EndProject
Project("{FAE04EC0-301F-11D3-BF4B-00C04F79EFBC}") = "Delegate", "Delegate\Delegate.csproj", "{B2D262FA-C429-4A30-A952-22F30DCB6E38}"
EndProject
Global
	GlobalSection(SolutionConfigurationPlatforms) = preSolution
		Debug|Any CPU = Debug|Any CPU
		Release|Any CPU = Release|Any CPU
	EndGlobalSection
	GlobalSection(ProjectConfigurationPlatforms) = postSolution
		{B4DBC9BE-D0C4-4B99-9FEC-D28BB142A9D7}.Debug|Any CPU.ActiveCfg = Debug|Any CPU
		{B4DBC9BE-D0C4-4B99-9FEC-D28BB142A9D7}.Debug|Any CPU.Build.0 = Debug|Any CPU
		{B4DBC9BE-D0C4-4B99-9FEC-D28BB142A9D7}.Release|Any CPU.ActiveCfg = Release|Any CPU
		{B4DBC9BE-D0C4-4B99-9FEC-D28BB142A9D7}.Release|Any CPU.Build.0 = Release|Any CPU
		{C6FE8A1D-C373-45C3-A267-5CCA65974E38}.Debug|Any CPU.ActiveCfg = Debug|Any CPU
		{C6FE8A1D-C373-45C3-A267-5CCA65974E38}.Debug|Any CPU.Build.0 = Debug|Any CPU
		{C6FE8A1D-C373-45C3-A267-5CCA65974E38}.Release|Any CPU.ActiveCfg = Release|Any CPU
		{C6FE8A1D-C373-45C3-A267-5CCA65974E38}.Release|Any CPU.Build.0 = Release|Any CPU
		{717C5960-7AD6-4BF2-9D1F-667E5EBA0896}.Debug|Any CPU.ActiveCfg = Debug|Any CPU
		{717C5960-7AD6-4BF2-9D1F-667E5EBA0896}.Debug|Any CPU.Build.0 = Debug|Any CPU
		{717C5960-7AD6-4BF2-9D1F-667E5EBA0896}.Release|Any CPU.ActiveCfg = Release|Any CPU
		{717C5960-7AD6-4BF2-9D1F-667E5EBA0896}.Release|Any CPU.Build.0 = Release|Any CPU
		{D9C3A8C3-3383-48A3-8752-C89A3579FDE3}.Debug|Any CPU.ActiveCfg = Debug|Any CPU
		{D9C3A8C3-3383-48A3-8752-C89A3579FDE3}.Debug|Any CPU.Build.0 = Debug|Any CPU
		{D9C3A8C3-3383-48A3-8752-C89A3579FDE3}.Release|Any CPU.ActiveCfg = Release|Any CPU
		{D9C3A8C3-3383-48A3-8752-C89A3579FDE3}.Release|Any CPU.Build.0 = Release|Any CPU
		{B2D262FA-C429-4A30-A952-22F30DCB6E38}.Debug|Any CPU.ActiveCfg = Debug|Any CPU
		{B2D262FA-C429-4A30-A952-22F30DCB6E38}.Debug|Any CPU.Build.0 = Debug|Any CPU
		{B2D262FA-C429-4A30-A952-22F30DCB6E38}.Release|Any CPU.ActiveCfg = Release|Any CPU
		{B2D262FA-C429-4A30-A952-22F30DCB6E38}.Release|Any CPU.Build.0 = Release|Any CPU
	EndGlobalSection
	GlobalSection(SolutionProperties) = preSolution
		HideSolutionNode = FALSE
	EndGlobalSection
	GlobalSection(ExtensibilityGlobals) = postSolution
		SolutionGuid = {15402E74-37BD-4C3D-BE46-C912F2BDE287}
	EndGlobalSection
EndGlobal
